
Microsoft Visual Studio Solution File, Format Version 12.00
# Visual Studio Version 16
VisualStudioVersion = 16.0.30621.155
MinimumVisualStudioVersion = 10.0.40219.1
Project("{8BC9CEB8-8B4A-11D0-8D11-00A0C91BC942}") = "05.12.2020-Home.Class", "05.12.2020-Home.Class\05.12.2020-Home.Class.vcxproj", "{842C3A85-83BB-4F9F-90D5-D0A8ADF01884}"
EndProject
Global
	GlobalSection(SolutionConfigurationPlatforms) = preSolution
		Debug|x64 = Debug|x64
		Debug|x86 = Debug|x86
		Release|x64 = Release|x64
		Release|x86 = Release|x86
	EndGlobalSection
	GlobalSection(ProjectConfigurationPlatforms) = postSolution
		{842C3A85-83BB-4F9F-90D5-D0A8ADF01884}.Debug|x64.ActiveCfg = Debug|x64
		{842C3A85-83BB-4F9F-90D5-D0A8ADF01884}.Debug|x64.Build.0 = Debug|x64
		{842C3A85-83BB-4F9F-90D5-D0A8ADF01884}.Debug|x86.ActiveCfg = Debug|Win32
		{842C3A85-83BB-4F9F-90D5-D0A8ADF01884}.Debug|x86.Build.0 = Debug|Win32
		{842C3A85-83BB-4F9F-90D5-D0A8ADF01884}.Release|x64.ActiveCfg = Release|x64
		{842C3A85-83BB-4F9F-90D5-D0A8ADF01884}.Release|x64.Build.0 = Release|x64
		{842C3A85-83BB-4F9F-90D5-D0A8ADF01884}.Release|x86.ActiveCfg = Release|Win32
		{842C3A85-83BB-4F9F-90D5-D0A8ADF01884}.Release|x86.Build.0 = Release|Win32
	EndGlobalSection
	GlobalSection(SolutionProperties) = preSolution
		HideSolutionNode = FALSE
	EndGlobalSection
	GlobalSection(ExtensibilityGlobals) = postSolution
		SolutionGuid = {E75C740E-ED1D-4551-8703-E9F8E8EF82ED}
	EndGlobalSection
EndGlobal
